<?xml version="1.0" encoding="UTF-8" standalone="yes" ?>
<CodeBlocks_project_file>
	<FileVersion major="1" minor="6" />
	<Project>
		<Option title="SF.SpaceG" />
		<Option pch_mode="2" />
		<Option compiler="gcc" />
		<Option extended_obj_names="1" />
		<Build>
			<Target title="Release">
				<Option output="bin/SpaceG" prefix_auto="1" extension_auto="1" />
				<Option object_output="obj/" />
				<Option type="1" />
				<Option compiler="gcc" />
				<Compiler>
					<Add option="-O2" />
				</Compiler>
				<Linker>
					<Add option="-s" />
				</Linker>
			</Target>
		</Build>
		<Compiler>
			<Add option="-Wmain" />
			<Add option="-std=c++11" />
			<Add option="-Wall" />
			<Add option="-fexceptions" />
			<Add option="-DSFML_STATIC" />
			<Add directory="C:/SFML-2.3.2/include" />
		</Compiler>
		<Linker>
			<Add library="sfml-graphics" />
			<Add library="sfml-window" />
			<Add library="sfml-system" />
			<Add directory="C:/SFML-2.3.2/lib" />
		</Linker>
		<Unit filename="Asteroid.cpp" />
		<Unit filename="Asteroid.hpp" />
		<Unit filename="Collision.cpp" />
		<Unit filename="Collision.h" />
		<Unit filename="Config.hpp" />
		<Unit filename="EventManager.cpp" />
		<Unit filename="EventManager.hpp" />
		<Unit filename="Game.cpp" />
		<Unit filename="GunsManager.cpp" />
		<Unit filename="GunsManager.hpp" />
		<Unit filename="Lasr.cpp" />
		<Unit filename="Lasr.hpp" />
		<Unit filename="Ship.cpp" />
		<Unit filename="Ship.hpp" />
		<Unit filename="ShipsManager.cpp" />
		<Unit filename="ShipsManager.hpp" />
		<Unit filename="Star.cpp" />
		<Unit filename="Star.hpp" />
		<Unit filename="Structure.cpp" />
		<Unit filename="Structure.hpp" />
		<Unit filename="WorldManager.cpp" />
		<Unit filename="WorldManager.hpp" />
		<Extensions>
			<code_completion />
			<envvars />
			<debugger />
			<lib_finder disable_auto="1" />
		</Extensions>
	</Project>
</CodeBlocks_project_file>
